// !$*UTF8*$!
{
	archiveVersion = 1;
	classes = {
	};
	objectVersion = 46;
	objects = {

/* Begin PBXBuildFile section */
		13A73F026C984E58B461A23B /* libPods.a in Frameworks */ = {isa = PBXBuildFile; fileRef = B7C375D153AB4D9C9F05A9CC /* libPods.a */; };
		223F010219D05C07003E68CD /* Business.swift in Sources */ = {isa = PBXBuildFile; fileRef = 223F010119D05C07003E68CD /* Business.swift */; };
		223F010619D10D51003E68CD /* FilterViewController.swift in Sources */ = {isa = PBXBuildFile; fileRef = 223F010519D10D51003E68CD /* FilterViewController.swift */; };
		223F010819D11026003E68CD /* SwitchFilterCell.swift in Sources */ = {isa = PBXBuildFile; fileRef = 223F010719D11026003E68CD /* SwitchFilterCell.swift */; };
		223F010A19D1119C003E68CD /* Filters.swift in Sources */ = {isa = PBXBuildFile; fileRef = 223F010919D1119C003E68CD /* Filters.swift */; };
		223F010C19D121BD003E68CD /* Filters.json in Resources */ = {isa = PBXBuildFile; fileRef = 223F010B19D121BD003E68CD /* Filters.json */; };
		2246C7F019CE846F00C90646 /* YelpCredentials.swift in Sources */ = {isa = PBXBuildFile; fileRef = 2246C7EF19CE846F00C90646 /* YelpCredentials.swift */; };
		2246C7F219CE853400C90646 /* YelpClient.swift in Sources */ = {isa = PBXBuildFile; fileRef = 2246C7F119CE853400C90646 /* YelpClient.swift */; };
		2246C7FD19CFCF3500C90646 /* SearchResultsViewController.swift in Sources */ = {isa = PBXBuildFile; fileRef = 2246C7FC19CFCF3500C90646 /* SearchResultsViewController.swift */; };
		226329BA19D144550065A997 /* SelectFilterCell.swift in Sources */ = {isa = PBXBuildFile; fileRef = 226329B919D144550065A997 /* SelectFilterCell.swift */; };
		22D70DD219D02AF300CA0B96 /* Categories.json in Resources */ = {isa = PBXBuildFile; fileRef = 22D70DD019D02AF300CA0B96 /* Categories.json */; };
		22D70DD319D02AF300CA0B96 /* TemplateIcon2x.png in Resources */ = {isa = PBXBuildFile; fileRef = 22D70DD119D02AF300CA0B96 /* TemplateIcon2x.png */; };
		22EAA28019CFF79800E14C0B /* SearchResultsCell.swift in Sources */ = {isa = PBXBuildFile; fileRef = 22EAA27F19CFF79800E14C0B /* SearchResultsCell.swift */; };
		22EAA28219CFFF1000E14C0B /* AutoCompleteTableViewController.swift in Sources */ = {isa = PBXBuildFile; fileRef = 22EAA28119CFFF1000E14C0B /* AutoCompleteTableViewController.swift */; };
		22EAA28419D0037F00E14C0B /* AutoCompleteCell.swift in Sources */ = {isa = PBXBuildFile; fileRef = 22EAA28319D0037F00E14C0B /* AutoCompleteCell.swift */; };
		7DCE95E219C92C44003EE8AD /* AppDelegate.swift in Sources */ = {isa = PBXBuildFile; fileRef = 7DCE95E119C92C44003EE8AD /* AppDelegate.swift */; };
		7DCE95E719C92C44003EE8AD /* Main.storyboard in Resources */ = {isa = PBXBuildFile; fileRef = 7DCE95E519C92C44003EE8AD /* Main.storyboard */; };
		7DCE95E919C92C44003EE8AD /* Images.xcassets in Resources */ = {isa = PBXBuildFile; fileRef = 7DCE95E819C92C44003EE8AD /* Images.xcassets */; };
		7DCE95EC19C92C44003EE8AD /* LaunchScreen.xib in Resources */ = {isa = PBXBuildFile; fileRef = 7DCE95EA19C92C44003EE8AD /* LaunchScreen.xib */; };
		7DCE95F819C92C44003EE8AD /* yelpTests.swift in Sources */ = {isa = PBXBuildFile; fileRef = 7DCE95F719C92C44003EE8AD /* yelpTests.swift */; };
/* End PBXBuildFile section */

/* Begin PBXContainerItemProxy section */
		7DCE95F219C92C44003EE8AD /* PBXContainerItemProxy */ = {
			isa = PBXContainerItemProxy;
			containerPortal = 7DCE95D419C92C44003EE8AD /* Project object */;
			proxyType = 1;
			remoteGlobalIDString = 7DCE95DB19C92C44003EE8AD;
			remoteInfo = yelp;
		};
/* End PBXContainerItemProxy section */

/* Begin PBXFileReference section */
		223F010119D05C07003E68CD /* Business.swift */ = {isa = PBXFileReference; fileEncoding = 4; lastKnownFileType = sourcecode.swift; name = Business.swift; path = Model/Business.swift; sourceTree = "<group>"; };
		223F010519D10D51003E68CD /* FilterViewController.swift */ = {isa = PBXFileReference; fileEncoding = 4; lastKnownFileType = sourcecode.swift; name = FilterViewController.swift; path = ViewControllers/FilterViewController.swift; sourceTree = "<group>"; };
		223F010719D11026003E68CD /* SwitchFilterCell.swift */ = {isa = PBXFileReference; fileEncoding = 4; lastKnownFileType = sourcecode.swift; name = SwitchFilterCell.swift; path = Views/SwitchFilterCell.swift; sourceTree = "<group>"; };
		223F010919D1119C003E68CD /* Filters.swift */ = {isa = PBXFileReference; fileEncoding = 4; lastKnownFileType = sourcecode.swift; name = Filters.swift; path = Model/Filters.swift; sourceTree = "<group>"; };
		223F010B19D121BD003E68CD /* Filters.json */ = {isa = PBXFileReference; fileEncoding = 4; lastKnownFileType = text.json; name = Filters.json; path = Data/Filters.json; sourceTree = "<group>"; };
		2246C7E919CE810B00C90646 /* yelp-Bridging-Header.h */ = {isa = PBXFileReference; lastKnownFileType = sourcecode.c.h; path = "yelp-Bridging-Header.h"; sourceTree = "<group>"; };
		2246C7EF19CE846F00C90646 /* YelpCredentials.swift */ = {isa = PBXFileReference; fileEncoding = 4; lastKnownFileType = sourcecode.swift; name = YelpCredentials.swift; path = Model/YelpCredentials.swift; sourceTree = "<group>"; };
		2246C7F119CE853400C90646 /* YelpClient.swift */ = {isa = PBXFileReference; fileEncoding = 4; lastKnownFileType = sourcecode.swift; name = YelpClient.swift; path = Model/YelpClient.swift; sourceTree = "<group>"; };
		2246C7FC19CFCF3500C90646 /* SearchResultsViewController.swift */ = {isa = PBXFileReference; fileEncoding = 4; lastKnownFileType = sourcecode.swift; name = SearchResultsViewController.swift; path = ViewControllers/SearchResultsViewController.swift; sourceTree = "<group>"; };
		226329B919D144550065A997 /* SelectFilterCell.swift */ = {isa = PBXFileReference; fileEncoding = 4; lastKnownFileType = sourcecode.swift; name = SelectFilterCell.swift; path = Views/SelectFilterCell.swift; sourceTree = "<group>"; };
		22D70DD019D02AF300CA0B96 /* Categories.json */ = {isa = PBXFileReference; fileEncoding = 4; lastKnownFileType = text.json; name = Categories.json; path = Data/Categories.json; sourceTree = "<group>"; };
		22D70DD119D02AF300CA0B96 /* TemplateIcon2x.png */ = {isa = PBXFileReference; lastKnownFileType = image.png; name = TemplateIcon2x.png; path = Data/TemplateIcon2x.png; sourceTree = "<group>"; };
		22EAA27F19CFF79800E14C0B /* SearchResultsCell.swift */ = {isa = PBXFileReference; fileEncoding = 4; lastKnownFileType = sourcecode.swift; name = SearchResultsCell.swift; path = Views/SearchResultsCell.swift; sourceTree = "<group>"; };
		22EAA28119CFFF1000E14C0B /* AutoCompleteTableViewController.swift */ = {isa = PBXFileReference; fileEncoding = 4; lastKnownFileType = sourcecode.swift; name = AutoCompleteTableViewController.swift; path = ViewControllers/AutoCompleteTableViewController.swift; sourceTree = "<group>"; };
		22EAA28319D0037F00E14C0B /* AutoCompleteCell.swift */ = {isa = PBXFileReference; fileEncoding = 4; lastKnownFileType = sourcecode.swift; name = AutoCompleteCell.swift; path = Views/AutoCompleteCell.swift; sourceTree = "<group>"; };
		243883827372488FB5ACC786 /* Pods.xcconfig */ = {isa = PBXFileReference; includeInIndex = 1; lastKnownFileType = text.xcconfig; name = Pods.xcconfig; path = Pods/Pods.xcconfig; sourceTree = "<group>"; };
		7DCE95DC19C92C44003EE8AD /* yelp.app */ = {isa = PBXFileReference; explicitFileType = wrapper.application; includeInIndex = 0; path = yelp.app; sourceTree = BUILT_PRODUCTS_DIR; };
		7DCE95E019C92C44003EE8AD /* Info.plist */ = {isa = PBXFileReference; lastKnownFileType = text.plist.xml; path = Info.plist; sourceTree = "<group>"; };
		7DCE95E119C92C44003EE8AD /* AppDelegate.swift */ = {isa = PBXFileReference; lastKnownFileType = sourcecode.swift; path = AppDelegate.swift; sourceTree = "<group>"; };
		7DCE95E619C92C44003EE8AD /* Base */ = {isa = PBXFileReference; lastKnownFileType = file.storyboard; name = Base; path = Base.lproj/Main.storyboard; sourceTree = "<group>"; };
		7DCE95E819C92C44003EE8AD /* Images.xcassets */ = {isa = PBXFileReference; lastKnownFileType = folder.assetcatalog; path = Images.xcassets; sourceTree = "<group>"; };
		7DCE95EB19C92C44003EE8AD /* Base */ = {isa = PBXFileReference; lastKnownFileType = file.xib; name = Base; path = Base.lproj/LaunchScreen.xib; sourceTree = "<group>"; };
		7DCE95F119C92C44003EE8AD /* yelpTests.xctest */ = {isa = PBXFileReference; explicitFileType = wrapper.cfbundle; includeInIndex = 0; path = yelpTests.xctest; sourceTree = BUILT_PRODUCTS_DIR; };
		7DCE95F619C92C44003EE8AD /* Info.plist */ = {isa = PBXFileReference; lastKnownFileType = text.plist.xml; path = Info.plist; sourceTree = "<group>"; };
		7DCE95F719C92C44003EE8AD /* yelpTests.swift */ = {isa = PBXFileReference; lastKnownFileType = sourcecode.swift; path = yelpTests.swift; sourceTree = "<group>"; };
		B7C375D153AB4D9C9F05A9CC /* libPods.a */ = {isa = PBXFileReference; explicitFileType = archive.ar; includeInIndex = 0; path = libPods.a; sourceTree = BUILT_PRODUCTS_DIR; };
/* End PBXFileReference section */

/* Begin PBXFrameworksBuildPhase section */
		7DCE95D919C92C44003EE8AD /* Frameworks */ = {
			isa = PBXFrameworksBuildPhase;
			buildActionMask = 2147483647;
			files = (
				13A73F026C984E58B461A23B /* libPods.a in Frameworks */,
			);
			runOnlyForDeploymentPostprocessing = 0;
		};
		7DCE95EE19C92C44003EE8AD /* Frameworks */ = {
			isa = PBXFrameworksBuildPhase;
			buildActionMask = 2147483647;
			files = (
			);
			runOnlyForDeploymentPostprocessing = 0;
		};
/* End PBXFrameworksBuildPhase section */

/* Begin PBXGroup section */
		2246C7EC19CE814400C90646 /* Model */ = {
			isa = PBXGroup;
			children = (
				2246C7EF19CE846F00C90646 /* YelpCredentials.swift */,
				2246C7F119CE853400C90646 /* YelpClient.swift */,
				223F010119D05C07003E68CD /* Business.swift */,
				223F010919D1119C003E68CD /* Filters.swift */,
			);
			name = Model;
			sourceTree = "<group>";
		};
		2246C7F319CFCDE300C90646 /* ViewControllers */ = {
			isa = PBXGroup;
			children = (
				2246C7FC19CFCF3500C90646 /* SearchResultsViewController.swift */,
				22EAA28119CFFF1000E14C0B /* AutoCompleteTableViewController.swift */,
				223F010519D10D51003E68CD /* FilterViewController.swift */,
			);
			name = ViewControllers;
			sourceTree = "<group>";
		};
		22D70DCF19D02AB700CA0B96 /* Data */ = {
			isa = PBXGroup;
			children = (
				22D70DD019D02AF300CA0B96 /* Categories.json */,
				22D70DD119D02AF300CA0B96 /* TemplateIcon2x.png */,
				223F010B19D121BD003E68CD /* Filters.json */,
			);
			name = Data;
			sourceTree = "<group>";
		};
		22EAA27E19CFF76C00E14C0B /* Views */ = {
			isa = PBXGroup;
			children = (
				22EAA27F19CFF79800E14C0B /* SearchResultsCell.swift */,
				22EAA28319D0037F00E14C0B /* AutoCompleteCell.swift */,
				223F010719D11026003E68CD /* SwitchFilterCell.swift */,
				226329B919D144550065A997 /* SelectFilterCell.swift */,
			);
			name = Views;
			sourceTree = "<group>";
		};
		2E86931AC8084448A121809D /* Frameworks */ = {
			isa = PBXGroup;
			children = (
				B7C375D153AB4D9C9F05A9CC /* libPods.a */,
			);
			name = Frameworks;
			sourceTree = "<group>";
		};
		7DCE95D319C92C44003EE8AD = {
			isa = PBXGroup;
			children = (
				7DCE95DE19C92C44003EE8AD /* yelp */,
				7DCE95F419C92C44003EE8AD /* yelpTests */,
				7DCE95DD19C92C44003EE8AD /* Products */,
				243883827372488FB5ACC786 /* Pods.xcconfig */,
				2E86931AC8084448A121809D /* Frameworks */,
			);
			sourceTree = "<group>";
		};
		7DCE95DD19C92C44003EE8AD /* Products */ = {
			isa = PBXGroup;
			children = (
				7DCE95DC19C92C44003EE8AD /* yelp.app */,
				7DCE95F119C92C44003EE8AD /* yelpTests.xctest */,
			);
			name = Products;
			sourceTree = "<group>";
		};
		7DCE95DE19C92C44003EE8AD /* yelp */ = {
			isa = PBXGroup;
			children = (
				22D70DCF19D02AB700CA0B96 /* Data */,
				22EAA27E19CFF76C00E14C0B /* Views */,
				2246C7F319CFCDE300C90646 /* ViewControllers */,
				2246C7EC19CE814400C90646 /* Model */,
				7DCE95E119C92C44003EE8AD /* AppDelegate.swift */,
				7DCE95E519C92C44003EE8AD /* Main.storyboard */,
				7DCE95E819C92C44003EE8AD /* Images.xcassets */,
				7DCE95EA19C92C44003EE8AD /* LaunchScreen.xib */,
				7DCE95DF19C92C44003EE8AD /* Supporting Files */,
				2246C7E919CE810B00C90646 /* yelp-Bridging-Header.h */,
			);
			path = yelp;
			sourceTree = "<group>";
		};
		7DCE95DF19C92C44003EE8AD /* Supporting Files */ = {
			isa = PBXGroup;
			children = (
				7DCE95E019C92C44003EE8AD /* Info.plist */,
			);
			name = "Supporting Files";
			sourceTree = "<group>";
		};
		7DCE95F419C92C44003EE8AD /* yelpTests */ = {
			isa = PBXGroup;
			children = (
				7DCE95F719C92C44003EE8AD /* yelpTests.swift */,
				7DCE95F519C92C44003EE8AD /* Supporting Files */,
			);
			path = yelpTests;
			sourceTree = "<group>";
		};
		7DCE95F519C92C44003EE8AD /* Supporting Files */ = {
			isa = PBXGroup;
			children = (
				7DCE95F619C92C44003EE8AD /* Info.plist */,
			);
			name = "Supporting Files";
			sourceTree = "<group>";
		};
/* End PBXGroup section */

/* Begin PBXNativeTarget section */
		7DCE95DB19C92C44003EE8AD /* yelp */ = {
			isa = PBXNativeTarget;
			buildConfigurationList = 7DCE95FB19C92C44003EE8AD /* Build configuration list for PBXNativeTarget "yelp" */;
			buildPhases = (
				2682C206690D43F79AB101E1 /* Check Pods Manifest.lock */,
				7DCE95D819C92C44003EE8AD /* Sources */,
				7DCE95D919C92C44003EE8AD /* Frameworks */,
				7DCE95DA19C92C44003EE8AD /* Resources */,
				3C1858D243CC41CE808C531B /* Copy Pods Resources */,
			);
			buildRules = (
			);
			dependencies = (
			);
			name = yelp;
			productName = yelp;
			productReference = 7DCE95DC19C92C44003EE8AD /* yelp.app */;
			productType = "com.apple.product-type.application";
		};
		7DCE95F019C92C44003EE8AD /* yelpTests */ = {
			isa = PBXNativeTarget;
			buildConfigurationList = 7DCE95FE19C92C44003EE8AD /* Build configuration list for PBXNativeTarget "yelpTests" */;
			buildPhases = (
				7DCE95ED19C92C44003EE8AD /* Sources */,
				7DCE95EE19C92C44003EE8AD /* Frameworks */,
				7DCE95EF19C92C44003EE8AD /* Resources */,
			);
			buildRules = (
			);
			dependencies = (
				7DCE95F319C92C44003EE8AD /* PBXTargetDependency */,
			);
			name = yelpTests;
			productName = yelpTests;
			productReference = 7DCE95F119C92C44003EE8AD /* yelpTests.xctest */;
			productType = "com.apple.product-type.bundle.unit-test";
		};
/* End PBXNativeTarget section */

/* Begin PBXProject section */
		7DCE95D419C92C44003EE8AD /* Project object */ = {
			isa = PBXProject;
			attributes = {
				LastUpgradeCheck = 0600;
				ORGANIZATIONNAME = "Sam Mueller";
				TargetAttributes = {
					7DCE95DB19C92C44003EE8AD = {
						CreatedOnToolsVersion = 6.0;
					};
					7DCE95F019C92C44003EE8AD = {
						CreatedOnToolsVersion = 6.0;
						TestTargetID = 7DCE95DB19C92C44003EE8AD;
					};
				};
			};
			buildConfigurationList = 7DCE95D719C92C44003EE8AD /* Build configuration list for PBXProject "yelp" */;
			compatibilityVersion = "Xcode 3.2";
			developmentRegion = English;
			hasScannedForEncodings = 0;
			knownRegions = (
				en,
				Base,
			);
			mainGroup = 7DCE95D319C92C44003EE8AD;
			productRefGroup = 7DCE95DD19C92C44003EE8AD /* Products */;
			projectDirPath = "";
			projectRoot = "";
			targets = (
				7DCE95DB19C92C44003EE8AD /* yelp */,
				7DCE95F019C92C44003EE8AD /* yelpTests */,
			);
		};
/* End PBXProject section */

/* Begin PBXResourcesBuildPhase section */
		7DCE95DA19C92C44003EE8AD /* Resources */ = {
			isa = PBXResourcesBuildPhase;
			buildActionMask = 2147483647;
			files = (
				22D70DD319D02AF300CA0B96 /* TemplateIcon2x.png in Resources */,
				7DCE95E719C92C44003EE8AD /* Main.storyboard in Resources */,
				22D70DD219D02AF300CA0B96 /* Categories.json in Resources */,
				7DCE95EC19C92C44003EE8AD /* LaunchScreen.xib in Resources */,
				7DCE95E919C92C44003EE8AD /* Images.xcassets in Resources */,
				223F010C19D121BD003E68CD /* Filters.json in Resources */,
			);
			runOnlyForDeploymentPostprocessing = 0;
		};
		7DCE95EF19C92C44003EE8AD /* Resources */ = {
			isa = PBXResourcesBuildPhase;
			buildActionMask = 2147483647;
			files = (
			);
			runOnlyForDeploymentPostprocessing = 0;
		};
/* End PBXResourcesBuildPhase section */

/* Begin PBXShellScriptBuildPhase section */
		2682C206690D43F79AB101E1 /* Check Pods Manifest.lock */ = {
			isa = PBXShellScriptBuildPhase;
			buildActionMask = 2147483647;
			files = (
			);
			inputPaths = (
			);
			name = "Check Pods Manifest.lock";
			outputPaths = (
			);
			runOnlyForDeploymentPostprocessing = 0;
			shellPath = /bin/sh;
			shellScript = "diff \"${PODS_ROOT}/../Podfile.lock\" \"${PODS_ROOT}/Manifest.lock\" > /dev/null\nif [[ $? != 0 ]] ; then\n    cat << EOM\nerror: The sandbox is not in sync with the Podfile.lock. Run 'pod install' or update your CocoaPods installation.\nEOM\n    exit 1\nfi\n";
			showEnvVarsInLog = 0;
		};
		3C1858D243CC41CE808C531B /* Copy Pods Resources */ = {
			isa = PBXShellScriptBuildPhase;
			buildActionMask = 2147483647;
			files = (
			);
			inputPaths = (
			);
			name = "Copy Pods Resources";
			outputPaths = (
			);
			runOnlyForDeploymentPostprocessing = 0;
			shellPath = /bin/sh;
			shellScript = "\"${SRCROOT}/Pods/Pods-resources.sh\"\n";
			showEnvVarsInLog = 0;
		};
/* End PBXShellScriptBuildPhase section */

/* Begin PBXSourcesBuildPhase section */
		7DCE95D819C92C44003EE8AD /* Sources */ = {
			isa = PBXSourcesBuildPhase;
			buildActionMask = 2147483647;
			files = (
				2246C7F219CE853400C90646 /* YelpClient.swift in Sources */,
				22EAA28219CFFF1000E14C0B /* AutoCompleteTableViewController.swift in Sources */,
				22EAA28019CFF79800E14C0B /* SearchResultsCell.swift in Sources */,
				226329BA19D144550065A997 /* SelectFilterCell.swift in Sources */,
				223F010619D10D51003E68CD /* FilterViewController.swift in Sources */,
				223F010A19D1119C003E68CD /* Filters.swift in Sources */,
				2246C7F019CE846F00C90646 /* YelpCredentials.swift in Sources */,
				2246C7FD19CFCF3500C90646 /* SearchResultsViewController.swift in Sources */,
				223F010219D05C07003E68CD /* Business.swift in Sources */,
				7DCE95E219C92C44003EE8AD /* AppDelegate.swift in Sources */,
				22EAA28419D0037F00E14C0B /* AutoCompleteCell.swift in Sources */,
				223F010819D11026003E68CD /* SwitchFilterCell.swift in Sources */,
			);
			runOnlyForDeploymentPostprocessing = 0;
		};
		7DCE95ED19C92C44003EE8AD /* Sources */ = {
			isa = PBXSourcesBuildPhase;
			buildActionMask = 2147483647;
			files = (
				7DCE95F819C92C44003EE8AD /* yelpTests.swift in Sources */,
			);
			runOnlyForDeploymentPostprocessing = 0;
		};
/* End PBXSourcesBuildPhase section */

/* Begin PBXTargetDependency section */
		7DCE95F319C92C44003EE8AD /* PBXTargetDependency */ = {
			isa = PBXTargetDependency;
			target = 7DCE95DB19C92C44003EE8AD /* yelp */;
			targetProxy = 7DCE95F219C92C44003EE8AD /* PBXContainerItemProxy */;
		};
/* End PBXTargetDependency section */

/* Begin PBXVariantGroup section */
		7DCE95E519C92C44003EE8AD /* Main.storyboard */ = {
			isa = PBXVariantGroup;
			children = (
				7DCE95E619C92C44003EE8AD /* Base */,
			);
			name = Main.storyboard;
			sourceTree = "<group>";
		};
		7DCE95EA19C92C44003EE8AD /* LaunchScreen.xib */ = {
			isa = PBXVariantGroup;
			children = (
				7DCE95EB19C92C44003EE8AD /* Base */,
			);
			name = LaunchScreen.xib;
			sourceTree = "<group>";
		};
/* End PBXVariantGroup section */

/* Begin XCBuildConfiguration section */
		7DCE95F919C92C44003EE8AD /* Debug */ = {
			isa = XCBuildConfiguration;
			buildSettings = {
				ALWAYS_SEARCH_USER_PATHS = NO;
				CLANG_CXX_LANGUAGE_STANDARD = "gnu++0x";
				CLANG_CXX_LIBRARY = "libc++";
				CLANG_ENABLE_MODULES = YES;
				CLANG_ENABLE_OBJC_ARC = YES;
				CLANG_WARN_BOOL_CONVERSION = YES;
				CLANG_WARN_CONSTANT_CONVERSION = YES;
				CLANG_WARN_DIRECT_OBJC_ISA_USAGE = YES_ERROR;
				CLANG_WARN_EMPTY_BODY = YES;
				CLANG_WARN_ENUM_CONVERSION = YES;
				CLANG_WARN_INT_CONVERSION = YES;
				CLANG_WARN_OBJC_ROOT_CLASS = YES_ERROR;
				CLANG_WARN_UNREACHABLE_CODE = YES;
				CLANG_WARN__DUPLICATE_METHOD_MATCH = YES;
				"CODE_SIGN_IDENTITY[sdk=iphoneos*]" = "iPhone Developer";
				COPY_PHASE_STRIP = NO;
				ENABLE_STRICT_OBJC_MSGSEND = YES;
				GCC_C_LANGUAGE_STANDARD = gnu99;
				GCC_DYNAMIC_NO_PIC = NO;
				GCC_OPTIMIZATION_LEVEL = 0;
				GCC_PREPROCESSOR_DEFINITIONS = (
					"DEBUG=1",
					"$(inherited)",
				);
				GCC_SYMBOLS_PRIVATE_EXTERN = NO;
				GCC_WARN_64_TO_32_BIT_CONVERSION = YES;
				GCC_WARN_ABOUT_RETURN_TYPE = YES_ERROR;
				GCC_WARN_UNDECLARED_SELECTOR = YES;
				GCC_WARN_UNINITIALIZED_AUTOS = YES_AGGRESSIVE;
				GCC_WARN_UNUSED_FUNCTION = YES;
				GCC_WARN_UNUSED_VARIABLE = YES;
				IPHONEOS_DEPLOYMENT_TARGET = 8.0;
				MTL_ENABLE_DEBUG_INFO = YES;
				ONLY_ACTIVE_ARCH = YES;
				SDKROOT = iphoneos;
				SWIFT_OPTIMIZATION_LEVEL = "-Onone";
				TARGETED_DEVICE_FAMILY = "1,2";
			};
			name = Debug;
		};
		7DCE95FA19C92C44003EE8AD /* Release */ = {
			isa = XCBuildConfiguration;
			buildSettings = {
				ALWAYS_SEARCH_USER_PATHS = NO;
				CLANG_CXX_LANGUAGE_STANDARD = "gnu++0x";
				CLANG_CXX_LIBRARY = "libc++";
				CLANG_ENABLE_MODULES = YES;
				CLANG_ENABLE_OBJC_ARC = YES;
				CLANG_WARN_BOOL_CONVERSION = YES;
				CLANG_WARN_CONSTANT_CONVERSION = YES;
				CLANG_WARN_DIRECT_OBJC_ISA_USAGE = YES_ERROR;
				CLANG_WARN_EMPTY_BODY = YES;
				CLANG_WARN_ENUM_CONVERSION = YES;
				CLANG_WARN_INT_CONVERSION = YES;
				CLANG_WARN_OBJC_ROOT_CLASS = YES_ERROR;
				CLANG_WARN_UNREACHABLE_CODE = YES;
				CLANG_WARN__DUPLICATE_METHOD_MATCH = YES;
				"CODE_SIGN_IDENTITY[sdk=iphoneos*]" = "iPhone Developer";
				COPY_PHASE_STRIP = YES;
				ENABLE_NS_ASSERTIONS = NO;
				ENABLE_STRICT_OBJC_MSGSEND = YES;
				GCC_C_LANGUAGE_STANDARD = gnu99;
				GCC_WARN_64_TO_32_BIT_CONVERSION = YES;
				GCC_WARN_ABOUT_RETURN_TYPE = YES_ERROR;
				GCC_WARN_UNDECLARED_SELECTOR = YES;
				GCC_WARN_UNINITIALIZED_AUTOS = YES_AGGRESSIVE;
				GCC_WARN_UNUSED_FUNCTION = YES;
				GCC_WARN_UNUSED_VARIABLE = YES;
				IPHONEOS_DEPLOYMENT_TARGET = 8.0;
				MTL_ENABLE_DEBUG_INFO = NO;
				SDKROOT = iphoneos;
				TARGETED_DEVICE_FAMILY = "1,2";
				VALIDATE_PRODUCT = YES;
			};
			name = Release;
		};
		7DCE95FC19C92C44003EE8AD /* Debug */ = {
			isa = XCBuildConfiguration;
			baseConfigurationReference = 243883827372488FB5ACC786 /* Pods.xcconfig */;
			buildSettings = {
				ASSETCATALOG_COMPILER_APPICON_NAME = AppIcon;
				CLANG_ENABLE_MODULES = YES;
				INFOPLIST_FILE = yelp/Info.plist;
				LD_RUNPATH_SEARCH_PATHS = "$(inherited) @executable_path/Frameworks";
				PRODUCT_NAME = "$(TARGET_NAME)";
				SWIFT_OBJC_BRIDGING_HEADER = "yelp/yelp-Bridging-Header.h";
				SWIFT_OPTIMIZATION_LEVEL = "-Onone";
			};
			name = Debug;
		};
		7DCE95FD19C92C44003EE8AD /* Release */ = {
			isa = XCBuildConfiguration;
			baseConfigurationReference = 243883827372488FB5ACC786 /* Pods.xcconfig */;
			buildSettings = {
				ASSETCATALOG_COMPILER_APPICON_NAME = AppIcon;
				CLANG_ENABLE_MODULES = YES;
				INFOPLIST_FILE = yelp/Info.plist;
				LD_RUNPATH_SEARCH_PATHS = "$(inherited) @executable_path/Frameworks";
				PRODUCT_NAME = "$(TARGET_NAME)";
				SWIFT_OBJC_BRIDGING_HEADER = "yelp/yelp-Bridging-Header.h";
			};
			name = Release;
		};
		7DCE95FF19C92C44003EE8AD /* Debug */ = {
			isa = XCBuildConfiguration;
			buildSettings = {
				BUNDLE_LOADER = "$(TEST_HOST)";
				FRAMEWORK_SEARCH_PATHS = (
					"$(SDKROOT)/Developer/Library/Frameworks",
					"$(inherited)",
				);
				GCC_PREPROCESSOR_DEFINITIONS = (
					"DEBUG=1",
					"$(inherited)",
				);
				INFOPLIST_FILE = yelpTests/Info.plist;
				LD_RUNPATH_SEARCH_PATHS = "$(inherited) @executable_path/Frameworks @loader_path/Frameworks";
				PRODUCT_NAME = "$(TARGET_NAME)";
				TEST_HOST = "$(BUILT_PRODUCTS_DIR)/yelp.app/yelp";
			};
			name = Debug;
		};
		7DCE960019C92C44003EE8AD /* Release */ = {
			isa = XCBuildConfiguration;
			buildSettings = {
				BUNDLE_LOADER = "$(TEST_HOST)";
				FRAMEWORK_SEARCH_PATHS = (
					"$(SDKROOT)/Developer/Library/Frameworks",
					"$(inherited)",
				);
				INFOPLIST_FILE = yelpTests/Info.plist;
				LD_RUNPATH_SEARCH_PATHS = "$(inherited) @executable_path/Frameworks @loader_path/Frameworks";
				PRODUCT_NAME = "$(TARGET_NAME)";
				TEST_HOST = "$(BUILT_PRODUCTS_DIR)/yelp.app/yelp";
			};
			name = Release;
		};
/* End XCBuildConfiguration section */

/* Begin XCConfigurationList section */
		7DCE95D719C92C44003EE8AD /* Build configuration list for PBXProject "yelp" */ = {
			isa = XCConfigurationList;
			buildConfigurations = (
				7DCE95F919C92C44003EE8AD /* Debug */,
				7DCE95FA19C92C44003EE8AD /* Release */,
			);
			defaultConfigurationIsVisible = 0;
			defaultConfigurationName = Release;
		};
		7DCE95FB19C92C44003EE8AD /* Build configuration list for PBXNativeTarget "yelp" */ = {
			isa = XCConfigurationList;
			buildConfigurations = (
				7DCE95FC19C92C44003EE8AD /* Debug */,
				7DCE95FD19C92C44003EE8AD /* Release */,
			);
			defaultConfigurationIsVisible = 0;
			defaultConfigurationName = Release;
		};
		7DCE95FE19C92C44003EE8AD /* Build configuration list for PBXNativeTarget "yelpTests" */ = {
			isa = XCConfigurationList;
			buildConfigurations = (
				7DCE95FF19C92C44003EE8AD /* Debug */,
				7DCE960019C92C44003EE8AD /* Release */,
			);
			defaultConfigurationIsVisible = 0;
			defaultConfigurationName = Release;
		};
/* End XCConfigurationList section */
	};
	rootObject = 7DCE95D419C92C44003EE8AD /* Project object */;
}
